lockfileVersion: 5.4

specifiers:
  touch: ^3.1.0

devDependencies:
  touch: 3.1.0

packages:

  /abbrev/1.1.1:
    resolution: {integrity: sha512-nne9/IiQ/hzIhY6pdDnbBtz7DjPTKrY00P/zvPSm5pOFkl6xuGrGnXn/VtTNNfNtAfZ9/1RtehkszU9qcTii0Q==}
    dev: true

  /nopt/1.0.10:
    resolution: {integrity: sha512-NWmpvLSqUrgrAC9HCuxEvb+PSloHpqVu+FqcO4eeF2h5qYRhA7ev6KvelyQAKtegUbC6RypJnlEOhd8vloNKYg==}
    hasBin: true
    dependencies:
      abbrev: 1.1.1
    dev: true

  /touch/3.1.0:
    resolution: {integrity: sha512-WBx8Uy5TLtOSRtIq+M03/sKDrXCLHxwDcquSP2c43Le03/9serjQBIztjRz6FkJez9D/hleyAXTBGLwwZUw9lA==}
    hasBin: true
    dependencies:
      nopt: 1.0.10
    dev: true
